{
  "name": "daily-logic",
  "lockfileVersion": 2,
  "requires": true,
  "packages": {
    "": {
      "dependencies": {
        "tcol": "^1.0.2"
      }
    },
    "node_modules/tcol": {
      "version": "1.0.2",
      "resolved": "https://registry.npmjs.org/tcol/-/tcol-1.0.2.tgz",
      "integrity": "sha512-86lw7D8THlM64uAM3O4uLjgmx2IBOxsDrNPtpDfgzfhmpf1AFOep/w1mfeWFj8VUTPsopiYp9hxOP8rSo9SL3w=="
    }
  },
  "dependencies": {
    "tcol": {
      "version": "1.0.2",
      "resolved": "https://registry.npmjs.org/tcol/-/tcol-1.0.2.tgz",
      "integrity": "sha512-86lw7D8THlM64uAM3O4uLjgmx2IBOxsDrNPtpDfgzfhmpf1AFOep/w1mfeWFj8VUTPsopiYp9hxOP8rSo9SL3w=="
    }
  }
}
